// !$*UTF8*$!
{
	archiveVersion = 1;
	classes = {
	};
	objectVersion = 46;
	objects = {

		4F617624FE6B3278EBD07392 = {isa = PBXBuildFile; fileRef = DA38454D4E49BCA265D0C39D; };
		FE088F16E91F07082CA339C4 = {isa = PBXBuildFile; fileRef = 9E150587ED812D54E8002A2E; };
		0449B43F162A481BE57C8BDA = {isa = PBXBuildFile; fileRef = 5A652C4AD4F0F96B2DCEB5EC; };
		2D859AE05E3500EE50B1B66E = {isa = PBXBuildFile; fileRef = 2F1C462D8C49FC798F4658E1; };
		8BA74F69D207596C67B6B697 = {isa = PBXBuildFile; fileRef = 53CC52E1E463E9016910B658; };
		6C698B622F9E1B91A02B6A9F = {isa = PBXBuildFile; fileRef = 39707E9F60ED51D1CD7FCCCB; };
		5EE970FCA3EE73DC45375329 = {isa = PBXBuildFile; fileRef = 694E85B27B3A4B376BBD7329; };
		0F5A022625EF59E6FB5CBA9D = {isa = PBXBuildFile; fileRef = DC07D39296A7A25423B1647F; };
		EC33E60843682F6578EE107B = {isa = PBXBuildFile; fileRef = 35A3F3BE6DB147C131E9FF24; };
		7DA4A6815E5A87D6BF533DAB = {isa = PBXBuildFile; fileRef = 60AAF2F261536D6BE8F8481C; };
		9392EA4FDA423DC527AAF2D4 = {isa = PBXBuildFile; fileRef = 61DCE6156D91A88AD6152F7B; };
		A242C014FCD347A19B857BD5 = {isa = PBXBuildFile; fileRef = 85544793798FE588729452EF; };
		926148D3DB9AACFCB03343EF = {isa = PBXBuildFile; fileRef = 7EAB2C143FC92BA455021442; };
		DF5E0716E4FCFB96F2F5F013 = {isa = PBXBuildFile; fileRef = 79B37BE45BB6E7FA793E61F1; };
		3B20B192CE911DC0C2709EAF = {isa = PBXBuildFile; fileRef = 07EFDD4B12129C839725CA53; };
		9F7A2142C7E811D9D62F5236 = {isa = PBXBuildFile; fileRef = 948AEF3D4B14504BC07A109D; };
		2DE134A7923C339964BD312D = {isa = PBXBuildFile; fileRef = 1F0A391CC26809E73850D17F; };
		C2ABBF64BDE4428357BFD86C = {isa = PBXBuildFile; fileRef = DA452199C5BFB77E2463D471; };
		4A16130EED259043BDC973BC = {isa = PBXBuildFile; fileRef = 91FC78C8787B90C6234AD6EA; };
		BE1650B283929A1E66AA078A = {isa = PBXBuildFile; fileRef = 8866240575EAD23577B7D256; };
		931E133CB6A74018AC250242 = {isa = PBXBuildFile; fileRef = DAD550A7BC63A16BAD42263D; };
		5BE062477F69E219F1B8233A = {isa = PBXBuildFile; fileRef = B0ACCF412EE30CD29B643200; };
		2DE048D4AC0FE57E3ED42C11 = {isa = PBXBuildFile; fileRef = 5334660E32781F3FDF6301C4; };
		F7C4DAC4B5F5CDBA09EE1621 = {isa = PBXBuildFile; fileRef = E504D81E015B7D865B4ED037; };
		CED1B5DF44DFDA4C63F89BDD = {isa = PBXBuildFile; fileRef = 1DB26872104AFA9A9E1306FF; };
		8646F17E8C8E0A3757300AD5 = {isa = PBXBuildFile; fileRef = 49DC70AF8D4A1EED79E5BBA7; };
		33AD9ADC98A88F0919202142 = {isa = PBXBuildFile; fileRef = C02A67DF88C53BD960D9E2D4; };
		6B1BB7A00FDF71B145378E43 = {isa = PBXBuildFile; fileRef = 04E0F842A37F0B3F619D77DF; };
		8CA1FE05204E60F223E1BFD3 = {isa = PBXBuildFile; fileRef = 8EEE832668A40EB1B9EC1B88; };
		8C84E8440CBF12A4EB848D6B = {isa = PBXBuildFile; fileRef = E93716B56535BFB14553F5C4; };
		04ED02D051DC23F8A67DF1AE = {isa = PBXBuildFile; fileRef = E09B7038033FD7538104053E; };
		7E3AF6DF68CBE53CF5766663 = {isa = PBXBuildFile; fileRef = D007D6173BB5A423E2DE186F; };
		EE9EFEDD9C5EB910AC13AAF9 = {isa = PBXBuildFile; fileRef = D86179E1737A8F1CCE837D29; };
		968F66EAB0B85955AA745489 = {isa = PBXBuildFile; fileRef = 5301BC3F6C17666E5C370F31; };
		677D690B9B03F015A6EB9396 = {isa = PBXBuildFile; fileRef = 83139D0CFF6FF93A58E85B9F; };
		8EFE578C6A7BFDD75E454DD8 = {isa = PBXBuildFile; fileRef = 5C9752B0E2422FBE6DC35CF9; };
		744ECAE39CCA746417BA6435 = {isa = PBXBuildFile; fileRef = 054BE4A76044B1A9D849F2BD; };
		4AF9D913E8A63FC9949DFFBE = {isa = PBXBuildFile; fileRef = B37128D4C826CE3229DA0A4F; };
		D4D3D4381346ADFB88A0E0C6 = {isa = PBXBuildFile; fileRef = B3AD3C8F9148EAABD86E9E4C; };
		6812D003E94648108CDB779B = {isa = PBXBuildFile; fileRef = 266DECA4183AA78BD806D0A0; };
		649D854203B8C87DF562D542 = {isa = PBXBuildFile; fileRef = 5EB2557C07EA9954AA1A9A29; };
		E9967CE06B07C7EDB8B1A0B0 = {isa = PBXBuildFile; fileRef = 9BBA06782DD270DC52D39A48; };
		F76056A633137C4AA93EB32B = {isa = PBXBuildFile; fileRef = B27D9174EDD089B5AC5C5BE7; };
		BB0E52428D6FFAB3D98B24AA = {isa = PBXBuildFile; fileRef = 51F269D930ED12E3542F258B; };
		8DC329F7C94021E85F950965 = {isa = PBXBuildFile; fileRef = E3F1AD79F3EEA3663A911FA1; };
		04E0F842A37F0B3F619D77DF = {isa = PBXFileReference; lastKnownFileType = file.r; name = "include_juce_audio_plugin_client_AU.r"; path = "../../JuceLibraryCode/include_juce_audio_plugin_client_AU.r"; sourceTree = "SOURCE_ROOT"; };
		054BE4A76044B1A9D849F2BD = {isa = PBXFileReference; lastKnownFileType = sourcecode.cpp.objcpp; name = "include_juce_core.mm"; path = "../../JuceLibraryCode/include_juce_core.mm"; sourceTree = "SOURCE_ROOT"; };
		07EFDD4B12129C839725CA53 = {isa = PBXFileReference; lastKnownFileType = wrapper.framework; name = CoreMIDI.framework; path = System/Library/Frameworks/CoreMIDI.framework; sourceTree = SDKROOT; };
		0C922AFB20E374A6F297EF56 = {isa = PBXFileReference; lastKnownFileType = sourcecode.c.h; name = MeterComponent.h; path = ../../Source/MeterComponent.h; sourceTree = "SOURCE_ROOT"; };
		14797B627587304E89B85561 = {isa = PBXFileReference; lastKnownFileType = sourcecode.c.h; name = Ppm.h; path = ../../Source/Ppm.h; sourceTree = "SOURCE_ROOT"; };
		169E68F41F9942F95C53B6DC = {isa = PBXFileReference; lastKnownFileType = file; name = "juce_gui_basics"; path = "../../../../../../../../../Applications/JUCE/modules/juce_gui_basics"; sourceTree = "SOURCE_ROOT"; };
		1DB26872104AFA9A9E1306FF = {isa = PBXFileReference; lastKnownFileType = sourcecode.cpp.objcpp; name = "include_juce_audio_basics.mm"; path = "../../JuceLibraryCode/include_juce_audio_basics.mm"; sourceTree = "SOURCE_ROOT"; };
		1F0A391CC26809E73850D17F = {isa = PBXFileReference; lastKnownFileType = wrapper.framework; name = IOKit.framework; path = System/Library/Frameworks/IOKit.framework; sourceTree = SDKROOT; };
		20F68679AC5DE27FAE64CA77 = {isa = PBXFileReference; lastKnownFileType = text.plist.xml; name = "Info-AU.plist"; path = "Info-AU.plist"; sourceTree = "SOURCE_ROOT"; };
		266DECA4183AA78BD806D0A0 = {isa = PBXFileReference; lastKnownFileType = sourcecode.cpp.objcpp; name = "include_juce_events.mm"; path = "../../JuceLibraryCode/include_juce_events.mm"; sourceTree = "SOURCE_ROOT"; };
		2AD130F7EC43613547027F08 = {isa = PBXFileReference; lastKnownFileType = text.plist.xml; name = "Info-Standalone_Plugin.plist"; path = "Info-Standalone_Plugin.plist"; sourceTree = "SOURCE_ROOT"; };
		2E71CAD579038B86C42F213B = {isa = PBXFileReference; lastKnownFileType = sourcecode.c.h; name = AppConfig.h; path = ../../JuceLibraryCode/AppConfig.h; sourceTree = "SOURCE_ROOT"; };
		3535050A779E4E36914FF60E = {isa = PBXFileReference; lastKnownFileType = file; name = "juce_audio_formats"; path = "../../../../../../../../../Applications/JUCE/modules/juce_audio_formats"; sourceTree = "SOURCE_ROOT"; };
		358A60E16702469014B58D08 = {isa = PBXFileReference; lastKnownFileType = file; name = "juce_core"; path = "../../../../../../../../../Applications/JUCE/modules/juce_core"; sourceTree = "SOURCE_ROOT"; };
		35A3F3BE6DB147C131E9FF24 = {isa = PBXFileReference; lastKnownFileType = wrapper.framework; name = AVKit.framework; path = System/Library/Frameworks/AVKit.framework; sourceTree = SDKROOT; };
		373051D9A23D765BB6BB6AEC = {isa = PBXFileReference; lastKnownFileType = file; name = "juce_graphics"; path = "../../../../../../../../../Applications/JUCE/modules/juce_graphics"; sourceTree = "SOURCE_ROOT"; };
		39707E9F60ED51D1CD7FCCCB = {isa = PBXFileReference; lastKnownFileType = wrapper.framework; name = AudioToolbox.framework; path = System/Library/Frameworks/AudioToolbox.framework; sourceTree = SDKROOT; };
		49DC70AF8D4A1EED79E5BBA7 = {isa = PBXFileReference; lastKnownFileType = sourcecode.cpp.objcpp; name = "include_juce_audio_devices.mm"; path = "../../JuceLibraryCode/include_juce_audio_devices.mm"; sourceTree = "SOURCE_ROOT"; };
		4D7DF476BF3B4838B801D5E0 = {isa = PBXFileReference; lastKnownFileType = sourcecode.c.h; name = PluginEditor.h; path = ../../Source/PluginEditor.h; sourceTree = "SOURCE_ROOT"; };
		51F269D930ED12E3542F258B = {isa = PBXFileReference; lastKnownFileType = sourcecode.cpp.objcpp; name = "include_juce_opengl.mm"; path = "../../JuceLibraryCode/include_juce_opengl.mm"; sourceTree = "SOURCE_ROOT"; };
		5301BC3F6C17666E5C370F31 = {isa = PBXFileReference; lastKnownFileType = sourcecode.cpp.cpp; name = "include_juce_audio_plugin_client_VST2.cpp"; path = "../../JuceLibraryCode/include_juce_audio_plugin_client_VST2.cpp"; sourceTree = "SOURCE_ROOT"; };
		5334660E32781F3FDF6301C4 = {isa = PBXFileReference; lastKnownFileType = sourcecode.cpp.cpp; name = PluginEditor.cpp; path = ../../Source/PluginEditor.cpp; sourceTree = "SOURCE_ROOT"; };
		53CC52E1E463E9016910B658 = {isa = PBXFileReference; lastKnownFileType = wrapper.framework; name = Accelerate.framework; path = System/Library/Frameworks/Accelerate.framework; sourceTree = SDKROOT; };
		5584E72A6F4CF281535302A9 = {isa = PBXFileReference; lastKnownFileType = text.plist.xml; name = "Info-VST.plist"; path = "Info-VST.plist"; sourceTree = "SOURCE_ROOT"; };
		5C9752B0E2422FBE6DC35CF9 = {isa = PBXFileReference; lastKnownFileType = sourcecode.cpp.objcpp; name = "include_juce_audio_utils.mm"; path = "../../JuceLibraryCode/include_juce_audio_utils.mm"; sourceTree = "SOURCE_ROOT"; };
		5EB2557C07EA9954AA1A9A29 = {isa = PBXFileReference; lastKnownFileType = sourcecode.cpp.objcpp; name = "include_juce_graphics.mm"; path = "../../JuceLibraryCode/include_juce_graphics.mm"; sourceTree = "SOURCE_ROOT"; };
		60AAF2F261536D6BE8F8481C = {isa = PBXFileReference; lastKnownFileType = wrapper.framework; name = Carbon.framework; path = System/Library/Frameworks/Carbon.framework; sourceTree = SDKROOT; };
		61DCE6156D91A88AD6152F7B = {isa = PBXFileReference; lastKnownFileType = wrapper.framework; name = Cocoa.framework; path = System/Library/Frameworks/Cocoa.framework; sourceTree = SDKROOT; };
		694E85B27B3A4B376BBD7329 = {isa = PBXFileReference; lastKnownFileType = wrapper.framework; name = AudioUnit.framework; path = System/Library/Frameworks/AudioUnit.framework; sourceTree = SDKROOT; };
		6FD388E0BE88B2E687D071BE = {isa = PBXFileReference; lastKnownFileType = sourcecode.c.h; name = Vector.h; path = ../../Source/Vector.h; sourceTree = "SOURCE_ROOT"; };
		79B37BE45BB6E7FA793E61F1 = {isa = PBXFileReference; lastKnownFileType = wrapper.framework; name = CoreMedia.framework; path = System/Library/Frameworks/CoreMedia.framework; sourceTree = SDKROOT; };
		7EAB2C143FC92BA455021442 = {isa = PBXFileReference; lastKnownFileType = wrapper.framework; name = CoreAudioKit.framework; path = System/Library/Frameworks/CoreAudioKit.framework; sourceTree = SDKROOT; };
		7F2F9D712D0D23DEA2908E97 = {isa = PBXFileReference; lastKnownFileType = sourcecode.c.h; name = Util.h; path = ../../Source/Util.h; sourceTree = "SOURCE_ROOT"; };
		804A67171CB613959D22897B = {isa = PBXFileReference; lastKnownFileType = file; name = "juce_cryptography"; path = "../../../../../../../../../Applications/JUCE/modules/juce_cryptography"; sourceTree = "SOURCE_ROOT"; };
		83139D0CFF6FF93A58E85B9F = {isa = PBXFileReference; lastKnownFileType = sourcecode.cpp.objcpp; name = "include_juce_audio_processors.mm"; path = "../../JuceLibraryCode/include_juce_audio_processors.mm"; sourceTree = "SOURCE_ROOT"; };
		8EEE832668A40EB1B9EC1B88 = {isa = PBXFileReference; lastKnownFileType = sourcecode.cpp.objcpp; name = "include_juce_audio_plugin_client_AU_1.mm"; path = "../../JuceLibraryCode/include_juce_audio_plugin_client_AU_1.mm"; sourceTree = "SOURCE_ROOT"; };
		90CF376F5410235AC51D6291 = {isa = PBXFileReference; lastKnownFileType = file; name = "juce_video"; path = "../../../../../../../../../Applications/JUCE/modules/juce_video"; sourceTree = "SOURCE_ROOT"; };
		948C932E103178C8DFEC86E8 = {isa = PBXFileReference; lastKnownFileType = file; name = "juce_audio_utils"; path = "../../../../../../../../../Applications/JUCE/modules/juce_audio_utils"; sourceTree = "SOURCE_ROOT"; };
		9FB50BDE59E4965CEFCB5FF9 = {isa = PBXFileReference; lastKnownFileType = sourcecode.c.h; name = RingBuffer.h; path = ../../Source/RingBuffer.h; sourceTree = "SOURCE_ROOT"; };
		A6EFB6A3563F46F8B9F485D5 = {isa = PBXFileReference; lastKnownFileType = file; name = "juce_audio_processors"; path = "../../../../../../../../../Applications/JUCE/modules/juce_audio_processors"; sourceTree = "SOURCE_ROOT"; };
		AE1BF66E599ABB4A9A048A47 = {isa = PBXFileReference; lastKnownFileType = sourcecode.c.h; name = Lfo.h; path = ../../Source/Lfo.h; sourceTree = "SOURCE_ROOT"; };
		B8C295A86091AE6C16C78964 = {isa = PBXFileReference; lastKnownFileType = sourcecode.c.h; name = PluginProcessor.h; path = ../../Source/PluginProcessor.h; sourceTree = "SOURCE_ROOT"; };
		DA38454D4E49BCA265D0C39D = {isa = PBXFileReference; explicitFileType = wrapper.cfbundle; includeInIndex = 0; path = PeakMeterPlugin.vst; sourceTree = "BUILT_PRODUCTS_DIR"; };
		9E150587ED812D54E8002A2E = {isa = PBXFileReference; explicitFileType = wrapper.cfbundle; includeInIndex = 0; path = PeakMeterPlugin.component; sourceTree = "BUILT_PRODUCTS_DIR"; };
		5A652C4AD4F0F96B2DCEB5EC = {isa = PBXFileReference; explicitFileType = wrapper.application; includeInIndex = 0; path = PeakMeterPlugin.app; sourceTree = "BUILT_PRODUCTS_DIR"; };
		2F1C462D8C49FC798F4658E1 = {isa = PBXFileReference; explicitFileType = archive.ar; includeInIndex = 0; path = libPeakMeterPlugin.a; sourceTree = "BUILT_PRODUCTS_DIR"; };
		85544793798FE588729452EF = {isa = PBXFileReference; lastKnownFileType = wrapper.framework; name = CoreAudio.framework; path = System/Library/Frameworks/CoreAudio.framework; sourceTree = SDKROOT; };
		8866240575EAD23577B7D256 = {isa = PBXFileReference; lastKnownFileType = wrapper.framework; name = WebKit.framework; path = System/Library/Frameworks/WebKit.framework; sourceTree = SDKROOT; };
		91FC78C8787B90C6234AD6EA = {isa = PBXFileReference; lastKnownFileType = wrapper.framework; name = QuartzCore.framework; path = System/Library/Frameworks/QuartzCore.framework; sourceTree = SDKROOT; };
		948AEF3D4B14504BC07A109D = {isa = PBXFileReference; lastKnownFileType = wrapper.framework; name = DiscRecording.framework; path = System/Library/Frameworks/DiscRecording.framework; sourceTree = SDKROOT; };
		9BBA06782DD270DC52D39A48 = {isa = PBXFileReference; lastKnownFileType = sourcecode.cpp.objcpp; name = "include_juce_gui_basics.mm"; path = "../../JuceLibraryCode/include_juce_gui_basics.mm"; sourceTree = "SOURCE_ROOT"; };
		A78B1091B09EA21EC2E1517D = {isa = PBXFileReference; lastKnownFileType = file; name = "juce_opengl"; path = "../../../../../../../../../Applications/JUCE/modules/juce_opengl"; sourceTree = "SOURCE_ROOT"; };
		AC9EE4DF2293C6471DE0268E = {isa = PBXFileReference; lastKnownFileType = sourcecode.c.h; name = ErrorDef.h; path = ../../Source/ErrorDef.h; sourceTree = "SOURCE_ROOT"; };
		ACBDE0935B104BE681E1B5A3 = {isa = PBXFileReference; lastKnownFileType = file; name = "juce_gui_extra"; path = "../../../../../../../../../Applications/JUCE/modules/juce_gui_extra"; sourceTree = "SOURCE_ROOT"; };
		B0ACCF412EE30CD29B643200 = {isa = PBXFileReference; lastKnownFileType = sourcecode.cpp.cpp; name = PluginProcessor.cpp; path = ../../Source/PluginProcessor.cpp; sourceTree = "SOURCE_ROOT"; };
		B27D9174EDD089B5AC5C5BE7 = {isa = PBXFileReference; lastKnownFileType = sourcecode.cpp.objcpp; name = "include_juce_gui_extra.mm"; path = "../../JuceLibraryCode/include_juce_gui_extra.mm"; sourceTree = "SOURCE_ROOT"; };
		B37128D4C826CE3229DA0A4F = {isa = PBXFileReference; lastKnownFileType = sourcecode.cpp.objcpp; name = "include_juce_cryptography.mm"; path = "../../JuceLibraryCode/include_juce_cryptography.mm"; sourceTree = "SOURCE_ROOT"; };
		B3AD3C8F9148EAABD86E9E4C = {isa = PBXFileReference; lastKnownFileType = sourcecode.cpp.objcpp; name = "include_juce_data_structures.mm"; path = "../../JuceLibraryCode/include_juce_data_structures.mm"; sourceTree = "SOURCE_ROOT"; };
		C02A67DF88C53BD960D9E2D4 = {isa = PBXFileReference; lastKnownFileType = sourcecode.cpp.objcpp; name = "include_juce_audio_formats.mm"; path = "../../JuceLibraryCode/include_juce_audio_formats.mm"; sourceTree = "SOURCE_ROOT"; };
		C069E832F525F5810BB9E5CF = {isa = PBXFileReference; lastKnownFileType = file; name = "juce_data_structures"; path = "../../../../../../../../../Applications/JUCE/modules/juce_data_structures"; sourceTree = "SOURCE_ROOT"; };
		CB92B4D3F534ED51F50B5836 = {isa = PBXFileReference; lastKnownFileType = text.plist.xml; name = PeakMeterPlugin.entitlements; path = PeakMeterPlugin.entitlements; sourceTree = "SOURCE_ROOT"; };
		D007D6173BB5A423E2DE186F = {isa = PBXFileReference; lastKnownFileType = sourcecode.cpp.cpp; name = "include_juce_audio_plugin_client_utils.cpp"; path = "../../JuceLibraryCode/include_juce_audio_plugin_client_utils.cpp"; sourceTree = "SOURCE_ROOT"; };
		D04AE028E73780EB75203966 = {isa = PBXFileReference; lastKnownFileType = file; name = "juce_audio_devices"; path = "../../../../../../../../../Applications/JUCE/modules/juce_audio_devices"; sourceTree = "SOURCE_ROOT"; };
		D86179E1737A8F1CCE837D29 = {isa = PBXFileReference; lastKnownFileType = sourcecode.cpp.objcpp; name = "include_juce_audio_plugin_client_VST_utils.mm"; path = "../../JuceLibraryCode/include_juce_audio_plugin_client_VST_utils.mm"; sourceTree = "SOURCE_ROOT"; };
		DA452199C5BFB77E2463D471 = {isa = PBXFileReference; lastKnownFileType = wrapper.framework; name = OpenGL.framework; path = System/Library/Frameworks/OpenGL.framework; sourceTree = SDKROOT; };
		DAD550A7BC63A16BAD42263D = {isa = PBXFileReference; lastKnownFileType = file.nib; name = RecentFilesMenuTemplate.nib; path = RecentFilesMenuTemplate.nib; sourceTree = "SOURCE_ROOT"; };
		DC07D39296A7A25423B1647F = {isa = PBXFileReference; lastKnownFileType = wrapper.framework; name = AVFoundation.framework; path = System/Library/Frameworks/AVFoundation.framework; sourceTree = SDKROOT; };
		DCC75150C0810850F1EE231E = {isa = PBXFileReference; lastKnownFileType = sourcecode.c.h; name = JuceHeader.h; path = ../../JuceLibraryCode/JuceHeader.h; sourceTree = "SOURCE_ROOT"; };
		E09B7038033FD7538104053E = {isa = PBXFileReference; lastKnownFileType = sourcecode.cpp.cpp; name = "include_juce_audio_plugin_client_Standalone.cpp"; path = "../../JuceLibraryCode/include_juce_audio_plugin_client_Standalone.cpp"; sourceTree = "SOURCE_ROOT"; };
		E3F1AD79F3EEA3663A911FA1 = {isa = PBXFileReference; lastKnownFileType = sourcecode.cpp.objcpp; name = "include_juce_video.mm"; path = "../../JuceLibraryCode/include_juce_video.mm"; sourceTree = "SOURCE_ROOT"; };
		E504D81E015B7D865B4ED037 = {isa = PBXFileReference; lastKnownFileType = sourcecode.cpp.cpp; name = Ppm.cpp; path = ../../Source/Ppm.cpp; sourceTree = "SOURCE_ROOT"; };
		E93716B56535BFB14553F5C4 = {isa = PBXFileReference; lastKnownFileType = sourcecode.cpp.objcpp; name = "include_juce_audio_plugin_client_AU_2.mm"; path = "../../JuceLibraryCode/include_juce_audio_plugin_client_AU_2.mm"; sourceTree = "SOURCE_ROOT"; };
		EBC240546A14697958EF1125 = {isa = PBXFileReference; lastKnownFileType = sourcecode.c.h; name = Vibrato.h; path = ../../Source/Vibrato.h; sourceTree = "SOURCE_ROOT"; };
		F327AEED404BF3B1DFB469DF = {isa = PBXFileReference; lastKnownFileType = file; name = "juce_audio_plugin_client"; path = "../../../../../../../../../Applications/JUCE/modules/juce_audio_plugin_client"; sourceTree = "SOURCE_ROOT"; };
		FB4F98994F72A766526E49A4 = {isa = PBXFileReference; lastKnownFileType = file; name = "juce_audio_basics"; path = "../../../../../../../../../Applications/JUCE/modules/juce_audio_basics"; sourceTree = "SOURCE_ROOT"; };
		FE2ADD7169558589CDADA375 = {isa = PBXFileReference; lastKnownFileType = sourcecode.c.h; name = Synthesis.h; path = ../../Source/Synthesis.h; sourceTree = "SOURCE_ROOT"; };
		FED27DC74F96E50A27B3410E = {isa = PBXFileReference; lastKnownFileType = file; name = "juce_events"; path = "../../../../../../../../../Applications/JUCE/modules/juce_events"; sourceTree = "SOURCE_ROOT"; };
		4C8013DE974051E82F90A0F9 = {isa = PBXGroup; children = (
					B0ACCF412EE30CD29B643200,
					B8C295A86091AE6C16C78964,
					5334660E32781F3FDF6301C4,
					4D7DF476BF3B4838B801D5E0, ); name = Source; sourceTree = "<group>"; };
		D9EEA0BA859D80F8A93EA1AD = {isa = PBXGroup; children = (
					4C8013DE974051E82F90A0F9,
					AC9EE4DF2293C6471DE0268E,
					AE1BF66E599ABB4A9A048A47,
					0C922AFB20E374A6F297EF56,
					E504D81E015B7D865B4ED037,
					14797B627587304E89B85561,
					9FB50BDE59E4965CEFCB5FF9,
					FE2ADD7169558589CDADA375,
					7F2F9D712D0D23DEA2908E97,
					6FD388E0BE88B2E687D071BE,
					EBC240546A14697958EF1125, ); name = PeakMeterPlugin; sourceTree = "<group>"; };
		6FEDB0FE13AA55A234A64AF8 = {isa = PBXGroup; children = (
					FB4F98994F72A766526E49A4,
					D04AE028E73780EB75203966,
					3535050A779E4E36914FF60E,
					F327AEED404BF3B1DFB469DF,
					A6EFB6A3563F46F8B9F485D5,
					948C932E103178C8DFEC86E8,
					358A60E16702469014B58D08,
					804A67171CB613959D22897B,
					C069E832F525F5810BB9E5CF,
					FED27DC74F96E50A27B3410E,
					373051D9A23D765BB6BB6AEC,
					169E68F41F9942F95C53B6DC,
					ACBDE0935B104BE681E1B5A3,
					A78B1091B09EA21EC2E1517D,
					90CF376F5410235AC51D6291, ); name = "JUCE Modules"; sourceTree = "<group>"; };
		FA30AB905547AF4C71C423BD = {isa = PBXGroup; children = (
					2E71CAD579038B86C42F213B,
					1DB26872104AFA9A9E1306FF,
					49DC70AF8D4A1EED79E5BBA7,
					C02A67DF88C53BD960D9E2D4,
					04E0F842A37F0B3F619D77DF,
					8EEE832668A40EB1B9EC1B88,
					E93716B56535BFB14553F5C4,
					E09B7038033FD7538104053E,
					D007D6173BB5A423E2DE186F,
					D86179E1737A8F1CCE837D29,
					5301BC3F6C17666E5C370F31,
					83139D0CFF6FF93A58E85B9F,
					5C9752B0E2422FBE6DC35CF9,
					054BE4A76044B1A9D849F2BD,
					B37128D4C826CE3229DA0A4F,
					B3AD3C8F9148EAABD86E9E4C,
					266DECA4183AA78BD806D0A0,
					5EB2557C07EA9954AA1A9A29,
					9BBA06782DD270DC52D39A48,
					B27D9174EDD089B5AC5C5BE7,
					51F269D930ED12E3542F258B,
					E3F1AD79F3EEA3663A911FA1,
					DCC75150C0810850F1EE231E, ); name = "JUCE Library Code"; sourceTree = "<group>"; };
		1840CD6BF190DB2663B22E91 = {isa = PBXGroup; children = (
					5584E72A6F4CF281535302A9,
					20F68679AC5DE27FAE64CA77,
					2AD130F7EC43613547027F08,
					DAD550A7BC63A16BAD42263D, ); name = Resources; sourceTree = "<group>"; };
		0231CDBB3E7DB53205EDD8B1 = {isa = PBXGroup; children = (
					53CC52E1E463E9016910B658,
					39707E9F60ED51D1CD7FCCCB,
					694E85B27B3A4B376BBD7329,
					DC07D39296A7A25423B1647F,
					35A3F3BE6DB147C131E9FF24,
					60AAF2F261536D6BE8F8481C,
					61DCE6156D91A88AD6152F7B,
					85544793798FE588729452EF,
					7EAB2C143FC92BA455021442,
					79B37BE45BB6E7FA793E61F1,
					07EFDD4B12129C839725CA53,
					948AEF3D4B14504BC07A109D,
					1F0A391CC26809E73850D17F,
					DA452199C5BFB77E2463D471,
					91FC78C8787B90C6234AD6EA,
					8866240575EAD23577B7D256, ); name = Frameworks; sourceTree = "<group>"; };
		148EE1FB2A271523FC508105 = {isa = PBXGroup; children = (
					DA38454D4E49BCA265D0C39D,
					9E150587ED812D54E8002A2E,
					5A652C4AD4F0F96B2DCEB5EC,
					2F1C462D8C49FC798F4658E1, ); name = Products; sourceTree = "<group>"; };
		B9C5B388AAA590C5092CDD9B = {isa = PBXGroup; children = (
					CB92B4D3F534ED51F50B5836,
					D9EEA0BA859D80F8A93EA1AD,
					6FEDB0FE13AA55A234A64AF8,
					FA30AB905547AF4C71C423BD,
					1840CD6BF190DB2663B22E91,
					0231CDBB3E7DB53205EDD8B1,
					148EE1FB2A271523FC508105, ); name = Source; sourceTree = "<group>"; };
		20D2CEF8D6B301E94EA2962D = {isa = XCBuildConfiguration; buildSettings = {
				MACOSX_DEPLOYMENT_TARGET = 10.11; }; name = Debug; };
		991B13BF0F4C123496E2BB5F = {isa = XCBuildConfiguration; buildSettings = {
				MACOSX_DEPLOYMENT_TARGET = 10.11; }; name = Release; };
		0DEFEA4386FCC1516AF52626 = {isa = XCBuildConfiguration; buildSettings = {
				CLANG_CXX_LANGUAGE_STANDARD = "c++14";
				CLANG_LINK_OBJC_RUNTIME = NO;
				COMBINE_HIDPI_IMAGES = YES;
				CONFIGURATION_BUILD_DIR = "$(PROJECT_DIR)/build/$(CONFIGURATION)";
				COPY_PHASE_STRIP = NO;
				DEPLOYMENT_LOCATION = YES;
				DSTROOT = /;
				GCC_DYNAMIC_NO_PIC = NO;
				GCC_OPTIMIZATION_LEVEL = 0;
				GCC_PREPROCESSOR_DEFINITIONS = (
					"_DEBUG=1",
					"DEBUG=1",
					"JUCER_XCODE_MAC_F6D2F4CF=1",
					"JUCE_APP_VERSION=1.0.0",
					"JUCE_APP_VERSION_HEX=0x10000",
					"JucePlugin_Build_VST=1",
					"JucePlugin_Build_VST3=0",
					"JucePlugin_Build_AU=0",
					"JucePlugin_Build_AUv3=0",
					"JucePlugin_Build_RTAS=0",
					"JucePlugin_Build_AAX=0",
					"JucePlugin_Build_Standalone=0", );
				GCC_VERSION = com.apple.compilers.llvm.clang.1_0;
				GENERATE_PKGINFO_FILE = YES;
				HEADER_SEARCH_PATHS = ("../../JuceLibraryCode", "../../../../../../../../../Applications/JUCE/modules", "../../../../../../../../../Applications/JUCE/modules/juce_audio_plugin_client", "$(inherited)");
				INFOPLIST_FILE = Info-VST.plist;
				INFOPLIST_PREPROCESS = NO;
				INSTALL_PATH = "$(HOME)/Library/Audio/Plug-Ins/VST/";
				LIBRARY_STYLE = Bundle;
				MACOSX_DEPLOYMENT_TARGET = 10.11;
				MACOSX_DEPLOYMENT_TARGET_ppc = 10.4;
				OTHER_LDFLAGS = "-bundle -lPeakMeterPlugin";
				PRODUCT_BUNDLE_IDENTIFIER = com.yourcompany.PeakMeterPlugin;
				SDKROOT_ppc = macosx10.5;
				USE_HEADERMAP = NO;
				WRAPPER_EXTENSION = vst; }; name = Debug; };
		EFCA05640B15B45584E5D302 = {isa = XCBuildConfiguration; buildSettings = {
				CLANG_CXX_LANGUAGE_STANDARD = "c++14";
				CLANG_LINK_OBJC_RUNTIME = NO;
				COMBINE_HIDPI_IMAGES = YES;
				CONFIGURATION_BUILD_DIR = "$(PROJECT_DIR)/build/$(CONFIGURATION)";
				DEAD_CODE_STRIPPING = YES;
				DEPLOYMENT_LOCATION = YES;
				DSTROOT = /;
				GCC_GENERATE_DEBUGGING_SYMBOLS = NO;
				GCC_OPTIMIZATION_LEVEL = 3;
				GCC_PREPROCESSOR_DEFINITIONS = (
					"_NDEBUG=1",
					"NDEBUG=1",
					"JUCER_XCODE_MAC_F6D2F4CF=1",
					"JUCE_APP_VERSION=1.0.0",
					"JUCE_APP_VERSION_HEX=0x10000",
					"JucePlugin_Build_VST=1",
					"JucePlugin_Build_VST3=0",
					"JucePlugin_Build_AU=0",
					"JucePlugin_Build_AUv3=0",
					"JucePlugin_Build_RTAS=0",
					"JucePlugin_Build_AAX=0",
					"JucePlugin_Build_Standalone=0", );
				GCC_SYMBOLS_PRIVATE_EXTERN = YES;
				GCC_VERSION = com.apple.compilers.llvm.clang.1_0;
				GENERATE_PKGINFO_FILE = YES;
				HEADER_SEARCH_PATHS = ("../../JuceLibraryCode", "../../../../../../../../../Applications/JUCE/modules", "../../../../../../../../../Applications/JUCE/modules/juce_audio_plugin_client", "$(inherited)");
				INFOPLIST_FILE = Info-VST.plist;
				INFOPLIST_PREPROCESS = NO;
				INSTALL_PATH = "$(HOME)/Library/Audio/Plug-Ins/VST/";
				LIBRARY_STYLE = Bundle;
				LLVM_LTO = YES;
				MACOSX_DEPLOYMENT_TARGET = 10.11;
				MACOSX_DEPLOYMENT_TARGET_ppc = 10.4;
				OTHER_LDFLAGS = "-bundle -lPeakMeterPlugin";
				PRODUCT_BUNDLE_IDENTIFIER = com.yourcompany.PeakMeterPlugin;
				SDKROOT_ppc = macosx10.5;
				USE_HEADERMAP = NO;
				WRAPPER_EXTENSION = vst; }; name = Release; };
		86DD9534B4F9B09B92A8238D = {isa = XCBuildConfiguration; buildSettings = {
				CLANG_CXX_LANGUAGE_STANDARD = "c++14";
				CLANG_LINK_OBJC_RUNTIME = NO;
				COMBINE_HIDPI_IMAGES = YES;
				CONFIGURATION_BUILD_DIR = "$(PROJECT_DIR)/build/$(CONFIGURATION)";
				COPY_PHASE_STRIP = NO;
				DEPLOYMENT_LOCATION = YES;
				DSTROOT = /;
				GCC_DYNAMIC_NO_PIC = NO;
				GCC_OPTIMIZATION_LEVEL = 0;
				GCC_PREPROCESSOR_DEFINITIONS = (
					"_DEBUG=1",
					"DEBUG=1",
					"JUCER_XCODE_MAC_F6D2F4CF=1",
					"JUCE_APP_VERSION=1.0.0",
					"JUCE_APP_VERSION_HEX=0x10000",
					"JucePlugin_Build_VST=0",
					"JucePlugin_Build_VST3=0",
					"JucePlugin_Build_AU=1",
					"JucePlugin_Build_AUv3=0",
					"JucePlugin_Build_RTAS=0",
					"JucePlugin_Build_AAX=0",
					"JucePlugin_Build_Standalone=0", );
				GCC_VERSION = com.apple.compilers.llvm.clang.1_0;
				GENERATE_PKGINFO_FILE = YES;
				HEADER_SEARCH_PATHS = ("../../JuceLibraryCode", "../../../../../../../../../Applications/JUCE/modules", "../../../../../../../../../Applications/JUCE/modules/juce_audio_plugin_client", "$(inherited)");
				INFOPLIST_FILE = Info-AU.plist;
				INFOPLIST_PREPROCESS = NO;
				INSTALL_PATH = "$(HOME)/Library/Audio/Plug-Ins/Components/";
				LIBRARY_STYLE = Bundle;
				MACOSX_DEPLOYMENT_TARGET = 10.11;
				MACOSX_DEPLOYMENT_TARGET_ppc = 10.4;
				OTHER_LDFLAGS = "-bundle -lPeakMeterPlugin";
				OTHER_REZFLAGS = "-d ppc_$ppc -d i386_$i386 -d ppc64_$ppc64 -d x86_64_$x86_64 -I /System/Library/Frameworks/CoreServices.framework/Frameworks/CarbonCore.framework/Versions/A/Headers -I \"$(DEVELOPER_DIR)/Extras/CoreAudio/AudioUnits/AUPublic/AUBase\"";
				PRODUCT_BUNDLE_IDENTIFIER = com.yourcompany.PeakMeterPlugin;
				SDKROOT_ppc = macosx10.5;
				USE_HEADERMAP = NO;
				WRAPPER_EXTENSION = component; }; name = Debug; };
		50F3EFFCFDA75F99F484237D = {isa = XCBuildConfiguration; buildSettings = {
				CLANG_CXX_LANGUAGE_STANDARD = "c++14";
				CLANG_LINK_OBJC_RUNTIME = NO;
				COMBINE_HIDPI_IMAGES = YES;
				CONFIGURATION_BUILD_DIR = "$(PROJECT_DIR)/build/$(CONFIGURATION)";
				DEAD_CODE_STRIPPING = YES;
				DEPLOYMENT_LOCATION = YES;
				DSTROOT = /;
				GCC_GENERATE_DEBUGGING_SYMBOLS = NO;
				GCC_OPTIMIZATION_LEVEL = 3;
				GCC_PREPROCESSOR_DEFINITIONS = (
					"_NDEBUG=1",
					"NDEBUG=1",
					"JUCER_XCODE_MAC_F6D2F4CF=1",
					"JUCE_APP_VERSION=1.0.0",
					"JUCE_APP_VERSION_HEX=0x10000",
					"JucePlugin_Build_VST=0",
					"JucePlugin_Build_VST3=0",
					"JucePlugin_Build_AU=1",
					"JucePlugin_Build_AUv3=0",
					"JucePlugin_Build_RTAS=0",
					"JucePlugin_Build_AAX=0",
					"JucePlugin_Build_Standalone=0", );
				GCC_SYMBOLS_PRIVATE_EXTERN = YES;
				GCC_VERSION = com.apple.compilers.llvm.clang.1_0;
				GENERATE_PKGINFO_FILE = YES;
				HEADER_SEARCH_PATHS = ("../../JuceLibraryCode", "../../../../../../../../../Applications/JUCE/modules", "../../../../../../../../../Applications/JUCE/modules/juce_audio_plugin_client", "$(inherited)");
				INFOPLIST_FILE = Info-AU.plist;
				INFOPLIST_PREPROCESS = NO;
				INSTALL_PATH = "$(HOME)/Library/Audio/Plug-Ins/Components/";
				LIBRARY_STYLE = Bundle;
				LLVM_LTO = YES;
				MACOSX_DEPLOYMENT_TARGET = 10.11;
				MACOSX_DEPLOYMENT_TARGET_ppc = 10.4;
				OTHER_LDFLAGS = "-bundle -lPeakMeterPlugin";
				OTHER_REZFLAGS = "-d ppc_$ppc -d i386_$i386 -d ppc64_$ppc64 -d x86_64_$x86_64 -I /System/Library/Frameworks/CoreServices.framework/Frameworks/CarbonCore.framework/Versions/A/Headers -I \"$(DEVELOPER_DIR)/Extras/CoreAudio/AudioUnits/AUPublic/AUBase\"";
				PRODUCT_BUNDLE_IDENTIFIER = com.yourcompany.PeakMeterPlugin;
				SDKROOT_ppc = macosx10.5;
				USE_HEADERMAP = NO;
				WRAPPER_EXTENSION = component; }; name = Release; };
		DAA2A0DB54FA24FDDFBF2A41 = {isa = XCBuildConfiguration; buildSettings = {
				CLANG_CXX_LANGUAGE_STANDARD = "c++14";
				CLANG_LINK_OBJC_RUNTIME = NO;
				COMBINE_HIDPI_IMAGES = YES;
				CONFIGURATION_BUILD_DIR = "$(PROJECT_DIR)/build/$(CONFIGURATION)";
				COPY_PHASE_STRIP = NO;
				GCC_DYNAMIC_NO_PIC = NO;
				GCC_OPTIMIZATION_LEVEL = 0;
				GCC_PREPROCESSOR_DEFINITIONS = (
					"_DEBUG=1",
					"DEBUG=1",
					"JUCER_XCODE_MAC_F6D2F4CF=1",
					"JUCE_APP_VERSION=1.0.0",
					"JUCE_APP_VERSION_HEX=0x10000",
					"JucePlugin_Build_VST=0",
					"JucePlugin_Build_VST3=0",
					"JucePlugin_Build_AU=0",
					"JucePlugin_Build_AUv3=0",
					"JucePlugin_Build_RTAS=0",
					"JucePlugin_Build_AAX=0",
					"JucePlugin_Build_Standalone=1", );
				GCC_VERSION = com.apple.compilers.llvm.clang.1_0;
				HEADER_SEARCH_PATHS = ("../../JuceLibraryCode", "../../../../../../../../../Applications/JUCE/modules", "../../../../../../../../../Applications/JUCE/modules/juce_audio_plugin_client", "$(inherited)");
				INFOPLIST_FILE = Info-Standalone_Plugin.plist;
				INFOPLIST_PREPROCESS = NO;
				MACOSX_DEPLOYMENT_TARGET = 10.11;
				MACOSX_DEPLOYMENT_TARGET_ppc = 10.4;
				OTHER_LDFLAGS = "-lPeakMeterPlugin";
				PRODUCT_BUNDLE_IDENTIFIER = com.yourcompany.PeakMeterPlugin;
				SDKROOT_ppc = macosx10.5;
				USE_HEADERMAP = NO; }; name = Debug; };
		1E7924011B7C69DD6E587B12 = {isa = XCBuildConfiguration; buildSettings = {
				CLANG_CXX_LANGUAGE_STANDARD = "c++14";
				CLANG_LINK_OBJC_RUNTIME = NO;
				COMBINE_HIDPI_IMAGES = YES;
				CONFIGURATION_BUILD_DIR = "$(PROJECT_DIR)/build/$(CONFIGURATION)";
				DEAD_CODE_STRIPPING = YES;
				GCC_GENERATE_DEBUGGING_SYMBOLS = NO;
				GCC_OPTIMIZATION_LEVEL = 3;
				GCC_PREPROCESSOR_DEFINITIONS = (
					"_NDEBUG=1",
					"NDEBUG=1",
					"JUCER_XCODE_MAC_F6D2F4CF=1",
					"JUCE_APP_VERSION=1.0.0",
					"JUCE_APP_VERSION_HEX=0x10000",
					"JucePlugin_Build_VST=0",
					"JucePlugin_Build_VST3=0",
					"JucePlugin_Build_AU=0",
					"JucePlugin_Build_AUv3=0",
					"JucePlugin_Build_RTAS=0",
					"JucePlugin_Build_AAX=0",
					"JucePlugin_Build_Standalone=1", );
				GCC_SYMBOLS_PRIVATE_EXTERN = YES;
				GCC_VERSION = com.apple.compilers.llvm.clang.1_0;
				HEADER_SEARCH_PATHS = ("../../JuceLibraryCode", "../../../../../../../../../Applications/JUCE/modules", "../../../../../../../../../Applications/JUCE/modules/juce_audio_plugin_client", "$(inherited)");
				INFOPLIST_FILE = Info-Standalone_Plugin.plist;
				INFOPLIST_PREPROCESS = NO;
				LLVM_LTO = YES;
				MACOSX_DEPLOYMENT_TARGET = 10.11;
				MACOSX_DEPLOYMENT_TARGET_ppc = 10.4;
				OTHER_LDFLAGS = "-lPeakMeterPlugin";
				PRODUCT_BUNDLE_IDENTIFIER = com.yourcompany.PeakMeterPlugin;
				SDKROOT_ppc = macosx10.5;
				USE_HEADERMAP = NO; }; name = Release; };
		DDE3642EBA0F3602FEAC3AB7 = {isa = XCBuildConfiguration; buildSettings = {
				CLANG_CXX_LANGUAGE_STANDARD = "c++14";
				CLANG_LINK_OBJC_RUNTIME = NO;
				COMBINE_HIDPI_IMAGES = YES;
				CONFIGURATION_BUILD_DIR = "$(PROJECT_DIR)/build/$(CONFIGURATION)";
				COPY_PHASE_STRIP = NO;
				GCC_DYNAMIC_NO_PIC = NO;
				GCC_OPTIMIZATION_LEVEL = 0;
				GCC_PREPROCESSOR_DEFINITIONS = (
					"_DEBUG=1",
					"DEBUG=1",
					"JUCER_XCODE_MAC_F6D2F4CF=1",
					"JUCE_APP_VERSION=1.0.0",
					"JUCE_APP_VERSION_HEX=0x10000",
					"JucePlugin_Build_VST=1",
					"JucePlugin_Build_VST3=0",
					"JucePlugin_Build_AU=1",
					"JucePlugin_Build_AUv3=0",
					"JucePlugin_Build_RTAS=0",
					"JucePlugin_Build_AAX=0",
					"JucePlugin_Build_Standalone=1",
					"JUCE_SHARED_CODE=1", );
				GCC_VERSION = com.apple.compilers.llvm.clang.1_0;
				HEADER_SEARCH_PATHS = ("../../JuceLibraryCode", "../../../../../../../../../Applications/JUCE/modules", "../../../../../../../../../Applications/JUCE/modules/juce_audio_plugin_client", "$(inherited)");
				INSTALL_PATH = "@executable_path/../Frameworks";
				MACOSX_DEPLOYMENT_TARGET = 10.11;
				MACOSX_DEPLOYMENT_TARGET_ppc = 10.4;
				PRODUCT_BUNDLE_IDENTIFIER = com.yourcompany.PeakMeterPlugin;
				SDKROOT_ppc = macosx10.5;
				USE_HEADERMAP = NO; }; name = Debug; };
		47D2E7D3918D6F7F84DED138 = {isa = XCBuildConfiguration; buildSettings = {
				CLANG_CXX_LANGUAGE_STANDARD = "c++14";
				CLANG_LINK_OBJC_RUNTIME = NO;
				COMBINE_HIDPI_IMAGES = YES;
				CONFIGURATION_BUILD_DIR = "$(PROJECT_DIR)/build/$(CONFIGURATION)";
				DEAD_CODE_STRIPPING = YES;
				GCC_GENERATE_DEBUGGING_SYMBOLS = NO;
				GCC_OPTIMIZATION_LEVEL = 3;
				GCC_PREPROCESSOR_DEFINITIONS = (
					"_NDEBUG=1",
					"NDEBUG=1",
					"JUCER_XCODE_MAC_F6D2F4CF=1",
					"JUCE_APP_VERSION=1.0.0",
					"JUCE_APP_VERSION_HEX=0x10000",
					"JucePlugin_Build_VST=1",
					"JucePlugin_Build_VST3=0",
					"JucePlugin_Build_AU=1",
					"JucePlugin_Build_AUv3=0",
					"JucePlugin_Build_RTAS=0",
					"JucePlugin_Build_AAX=0",
					"JucePlugin_Build_Standalone=1",
					"JUCE_SHARED_CODE=1", );
				GCC_SYMBOLS_PRIVATE_EXTERN = YES;
				GCC_VERSION = com.apple.compilers.llvm.clang.1_0;
				HEADER_SEARCH_PATHS = ("../../JuceLibraryCode", "../../../../../../../../../Applications/JUCE/modules", "../../../../../../../../../Applications/JUCE/modules/juce_audio_plugin_client", "$(inherited)");
				INSTALL_PATH = "@executable_path/../Frameworks";
				LLVM_LTO = YES;
				MACOSX_DEPLOYMENT_TARGET = 10.11;
				MACOSX_DEPLOYMENT_TARGET_ppc = 10.4;
				PRODUCT_BUNDLE_IDENTIFIER = com.yourcompany.PeakMeterPlugin;
				SDKROOT_ppc = macosx10.5;
				USE_HEADERMAP = NO; }; name = Release; };
		C57AD48CA548EFB4688F217A = {isa = XCBuildConfiguration; buildSettings = {
				ALWAYS_SEARCH_USER_PATHS = NO;
				CLANG_WARN_BLOCK_CAPTURE_AUTORELEASING = YES;
				CLANG_WARN_BOOL_CONVERSION = YES;
				CLANG_WARN_COMMA = YES;
				CLANG_WARN_CONSTANT_CONVERSION = YES;
				CLANG_WARN_EMPTY_BODY = YES;
				CLANG_WARN_ENUM_CONVERSION = YES;
				CLANG_WARN_INFINITE_RECURSION = YES;
				CLANG_WARN_INT_CONVERSION = YES;
				CLANG_WARN_NON_LITERAL_NULL_CONVERSION = YES;
				CLANG_WARN_OBJC_LITERAL_CONVERSION = YES;
				CLANG_WARN_RANGE_LOOP_ANALYSIS = YES;
				CLANG_WARN_STRICT_PROTOTYPES = YES;
				CLANG_WARN_SUSPICIOUS_MOVE = YES;
				CLANG_WARN_UNREACHABLE_CODE = YES;
				CLANG_WARN__DUPLICATE_METHOD_MATCH = YES;
				DEBUG_INFORMATION_FORMAT = "dwarf";
				ENABLE_STRICT_OBJC_MSGSEND = YES;
				ENABLE_TESTABILITY = YES;
				GCC_C_LANGUAGE_STANDARD = c11;
				GCC_INLINES_ARE_PRIVATE_EXTERN = YES;
				GCC_MODEL_TUNING = G5;
				GCC_NO_COMMON_BLOCKS = YES;
				GCC_WARN_64_TO_32_BIT_CONVERSION = YES;
				GCC_WARN_ABOUT_RETURN_TYPE = YES;
				GCC_WARN_CHECK_SWITCH_STATEMENTS = YES;
				GCC_WARN_MISSING_PARENTHESES = YES;
				GCC_WARN_NON_VIRTUAL_DESTRUCTOR = YES;
				GCC_WARN_TYPECHECK_CALLS_TO_PRINTF = YES;
				GCC_WARN_UNDECLARED_SELECTOR = YES;
				GCC_WARN_UNINITIALIZED_AUTOS = YES;
				GCC_WARN_UNUSED_FUNCTION = YES;
				GCC_WARN_UNUSED_VARIABLE = YES;
				ONLY_ACTIVE_ARCH = YES;
				PRODUCT_NAME = "PeakMeterPlugin";
				WARNING_CFLAGS = -Wreorder;
				ZERO_LINK = NO; }; name = Debug; };
		B55E1FF9074A5C51D90805A0 = {isa = XCBuildConfiguration; buildSettings = {
				ALWAYS_SEARCH_USER_PATHS = NO;
				CLANG_WARN_BLOCK_CAPTURE_AUTORELEASING = YES;
				CLANG_WARN_BOOL_CONVERSION = YES;
				CLANG_WARN_COMMA = YES;
				CLANG_WARN_CONSTANT_CONVERSION = YES;
				CLANG_WARN_EMPTY_BODY = YES;
				CLANG_WARN_ENUM_CONVERSION = YES;
				CLANG_WARN_INFINITE_RECURSION = YES;
				CLANG_WARN_INT_CONVERSION = YES;
				CLANG_WARN_NON_LITERAL_NULL_CONVERSION = YES;
				CLANG_WARN_OBJC_LITERAL_CONVERSION = YES;
				CLANG_WARN_RANGE_LOOP_ANALYSIS = YES;
				CLANG_WARN_STRICT_PROTOTYPES = YES;
				CLANG_WARN_SUSPICIOUS_MOVE = YES;
				CLANG_WARN_UNREACHABLE_CODE = YES;
				CLANG_WARN__DUPLICATE_METHOD_MATCH = YES;
				DEBUG_INFORMATION_FORMAT = "dwarf";
				ENABLE_STRICT_OBJC_MSGSEND = YES;
				GCC_C_LANGUAGE_STANDARD = c11;
				GCC_INLINES_ARE_PRIVATE_EXTERN = YES;
				GCC_MODEL_TUNING = G5;
				GCC_NO_COMMON_BLOCKS = YES;
				GCC_WARN_64_TO_32_BIT_CONVERSION = YES;
				GCC_WARN_ABOUT_RETURN_TYPE = YES;
				GCC_WARN_CHECK_SWITCH_STATEMENTS = YES;
				GCC_WARN_MISSING_PARENTHESES = YES;
				GCC_WARN_NON_VIRTUAL_DESTRUCTOR = YES;
				GCC_WARN_TYPECHECK_CALLS_TO_PRINTF = YES;
				GCC_WARN_UNDECLARED_SELECTOR = YES;
				GCC_WARN_UNINITIALIZED_AUTOS = YES;
				GCC_WARN_UNUSED_FUNCTION = YES;
				GCC_WARN_UNUSED_VARIABLE = YES;
				PRODUCT_NAME = "PeakMeterPlugin";
				WARNING_CFLAGS = -Wreorder;
				ZERO_LINK = NO; }; name = Release; };
		404B46195C0070EC893F53AE = {isa = PBXTargetDependency; target = B3C5601179B33AB1E4F7503D; };
		2E49E2032E104CD1EF3C217F = {isa = PBXTargetDependency; target = 03236426AAEAE80B279796C0; };
		B6AB1152C80171CBC39AB240 = {isa = PBXTargetDependency; target = 00C6C2563DB44D196E434ED5; };
		7A645E9B751FD673D2D6FED4 = {isa = PBXTargetDependency; target = F20CF8D3278588AFBAF7708D; };
		1273E3F65BCAFF2BE961D721 = {isa = XCConfigurationList; buildConfigurations = (
					C57AD48CA548EFB4688F217A,
					B55E1FF9074A5C51D90805A0, ); defaultConfigurationIsVisible = 0; defaultConfigurationName = Debug; };
		6CCEDBD3B758DE63465A6B88 = {isa = XCConfigurationList; buildConfigurations = (
					20D2CEF8D6B301E94EA2962D,
					991B13BF0F4C123496E2BB5F, ); defaultConfigurationIsVisible = 0; defaultConfigurationName = Debug; };
		B703A4A5D63AFF61A38718E8 = {isa = PBXAggregateTarget; buildConfigurationList = 6CCEDBD3B758DE63465A6B88; buildPhases = (  ); buildRules = ( ); dependencies = (
					404B46195C0070EC893F53AE,
					2E49E2032E104CD1EF3C217F,
					B6AB1152C80171CBC39AB240,
					7A645E9B751FD673D2D6FED4, ); name = "PeakMeterPlugin - All"; productName = PeakMeterPlugin; };
		E8F8EBDF28457FDEECE39B59 = {isa = XCConfigurationList; buildConfigurations = (
					0DEFEA4386FCC1516AF52626,
					EFCA05640B15B45584E5D302, ); defaultConfigurationIsVisible = 0; defaultConfigurationName = Debug; };
		008BF913A8489D7DEF03CCFC = {isa = PBXResourcesBuildPhase; buildActionMask = 2147483647; files = (
					931E133CB6A74018AC250242, ); runOnlyForDeploymentPostprocessing = 0; };
		2872F140922EFF77A93F5D23 = {isa = PBXSourcesBuildPhase; buildActionMask = 2147483647; files = (
					968F66EAB0B85955AA745489, ); runOnlyForDeploymentPostprocessing = 0; };
		188D672CEA4D26596E559925 = {isa = PBXFrameworksBuildPhase; buildActionMask = 2147483647; files = (
					8BA74F69D207596C67B6B697,
					6C698B622F9E1B91A02B6A9F,
					0F5A022625EF59E6FB5CBA9D,
					EC33E60843682F6578EE107B,
					7DA4A6815E5A87D6BF533DAB,
					9392EA4FDA423DC527AAF2D4,
					A242C014FCD347A19B857BD5,
					DF5E0716E4FCFB96F2F5F013,
					3B20B192CE911DC0C2709EAF,
					9F7A2142C7E811D9D62F5236,
					2DE134A7923C339964BD312D,
					C2ABBF64BDE4428357BFD86C,
					4A16130EED259043BDC973BC,
					BE1650B283929A1E66AA078A, ); runOnlyForDeploymentPostprocessing = 0; };
		B3C5601179B33AB1E4F7503D = {isa = PBXNativeTarget; buildConfigurationList = E8F8EBDF28457FDEECE39B59; buildPhases = (
					008BF913A8489D7DEF03CCFC,
					2872F140922EFF77A93F5D23,
					188D672CEA4D26596E559925, ); buildRules = ( ); dependencies = (
					7A645E9B751FD673D2D6FED4, ); name = "PeakMeterPlugin - VST"; productName = PeakMeterPlugin; productReference = DA38454D4E49BCA265D0C39D; productType = "com.apple.product-type.bundle"; };
		D90DBE193E772796B0A1B812 = {isa = XCConfigurationList; buildConfigurations = (
					86DD9534B4F9B09B92A8238D,
					50F3EFFCFDA75F99F484237D, ); defaultConfigurationIsVisible = 0; defaultConfigurationName = Debug; };
		9E32A768CD940629DD0897AD = {isa = PBXResourcesBuildPhase; buildActionMask = 2147483647; files = (
					931E133CB6A74018AC250242, ); runOnlyForDeploymentPostprocessing = 0; };
		44B7903A15EF7F6D04944769 = {isa = PBXRezBuildPhase; buildActionMask = 2147483647; files = (
					6B1BB7A00FDF71B145378E43, ); runOnlyForDeploymentPostprocessing = 0; };
		DBCDFCFA6880CA9CC930FF0E = {isa = PBXSourcesBuildPhase; buildActionMask = 2147483647; files = (
					8CA1FE05204E60F223E1BFD3,
					8C84E8440CBF12A4EB848D6B, ); runOnlyForDeploymentPostprocessing = 0; };
		B81EF5E8688616400E981B7A = {isa = PBXFrameworksBuildPhase; buildActionMask = 2147483647; files = (
					8BA74F69D207596C67B6B697,
					6C698B622F9E1B91A02B6A9F,
					5EE970FCA3EE73DC45375329,
					0F5A022625EF59E6FB5CBA9D,
					EC33E60843682F6578EE107B,
					7DA4A6815E5A87D6BF533DAB,
					9392EA4FDA423DC527AAF2D4,
					A242C014FCD347A19B857BD5,
					926148D3DB9AACFCB03343EF,
					DF5E0716E4FCFB96F2F5F013,
					3B20B192CE911DC0C2709EAF,
					9F7A2142C7E811D9D62F5236,
					2DE134A7923C339964BD312D,
					C2ABBF64BDE4428357BFD86C,
					4A16130EED259043BDC973BC,
					BE1650B283929A1E66AA078A, ); runOnlyForDeploymentPostprocessing = 0; };
		03236426AAEAE80B279796C0 = {isa = PBXNativeTarget; buildConfigurationList = D90DBE193E772796B0A1B812; buildPhases = (
					9E32A768CD940629DD0897AD,
					44B7903A15EF7F6D04944769,
					DBCDFCFA6880CA9CC930FF0E,
					B81EF5E8688616400E981B7A, ); buildRules = ( ); dependencies = (
					7A645E9B751FD673D2D6FED4, ); name = "PeakMeterPlugin - AU"; productName = PeakMeterPlugin; productReference = 9E150587ED812D54E8002A2E; productType = "com.apple.product-type.bundle"; };
		679C9AFD50F7B04F464D82D5 = {isa = XCConfigurationList; buildConfigurations = (
					DAA2A0DB54FA24FDDFBF2A41,
					1E7924011B7C69DD6E587B12, ); defaultConfigurationIsVisible = 0; defaultConfigurationName = Debug; };
		8DF99E38FEE9C1B92920FC16 = {isa = PBXResourcesBuildPhase; buildActionMask = 2147483647; files = (
					931E133CB6A74018AC250242, ); runOnlyForDeploymentPostprocessing = 0; };
		F06F91581648A4A3766917AD = {isa = PBXSourcesBuildPhase; buildActionMask = 2147483647; files = (
					04ED02D051DC23F8A67DF1AE, ); runOnlyForDeploymentPostprocessing = 0; };
		7551257F3697D4503A9ECCBC = {isa = PBXFrameworksBuildPhase; buildActionMask = 2147483647; files = (
					8BA74F69D207596C67B6B697,
					6C698B622F9E1B91A02B6A9F,
					0F5A022625EF59E6FB5CBA9D,
					EC33E60843682F6578EE107B,
					7DA4A6815E5A87D6BF533DAB,
					9392EA4FDA423DC527AAF2D4,
					A242C014FCD347A19B857BD5,
					DF5E0716E4FCFB96F2F5F013,
					3B20B192CE911DC0C2709EAF,
					9F7A2142C7E811D9D62F5236,
					2DE134A7923C339964BD312D,
					C2ABBF64BDE4428357BFD86C,
					4A16130EED259043BDC973BC,
					BE1650B283929A1E66AA078A, ); runOnlyForDeploymentPostprocessing = 0; };
		00C6C2563DB44D196E434ED5 = {isa = PBXNativeTarget; buildConfigurationList = 679C9AFD50F7B04F464D82D5; buildPhases = (
					8DF99E38FEE9C1B92920FC16,
					F06F91581648A4A3766917AD,
					7551257F3697D4503A9ECCBC, ); buildRules = ( ); dependencies = (
					7A645E9B751FD673D2D6FED4, ); name = "PeakMeterPlugin - Standalone Plugin"; productName = PeakMeterPlugin; productReference = 5A652C4AD4F0F96B2DCEB5EC; productType = "com.apple.product-type.application"; };
		44841C17ACB72FB810E9F65D = {isa = XCConfigurationList; buildConfigurations = (
					DDE3642EBA0F3602FEAC3AB7,
					47D2E7D3918D6F7F84DED138, ); defaultConfigurationIsVisible = 0; defaultConfigurationName = Debug; };
		29EA7BE9F7821308F7AB8649 = {isa = PBXSourcesBuildPhase; buildActionMask = 2147483647; files = (
					5BE062477F69E219F1B8233A,
					2DE048D4AC0FE57E3ED42C11,
					F7C4DAC4B5F5CDBA09EE1621,
					CED1B5DF44DFDA4C63F89BDD,
					8646F17E8C8E0A3757300AD5,
					33AD9ADC98A88F0919202142,
					7E3AF6DF68CBE53CF5766663,
					EE9EFEDD9C5EB910AC13AAF9,
					677D690B9B03F015A6EB9396,
					8EFE578C6A7BFDD75E454DD8,
					744ECAE39CCA746417BA6435,
					4AF9D913E8A63FC9949DFFBE,
					D4D3D4381346ADFB88A0E0C6,
					6812D003E94648108CDB779B,
					649D854203B8C87DF562D542,
					E9967CE06B07C7EDB8B1A0B0,
					F76056A633137C4AA93EB32B,
					BB0E52428D6FFAB3D98B24AA,
					8DC329F7C94021E85F950965, ); runOnlyForDeploymentPostprocessing = 0; };
		F20CF8D3278588AFBAF7708D = {isa = PBXNativeTarget; buildConfigurationList = 44841C17ACB72FB810E9F65D; buildPhases = (
					29EA7BE9F7821308F7AB8649, ); buildRules = ( ); dependencies = (  ); name = "PeakMeterPlugin - Shared Code"; productName = PeakMeterPlugin; productReference = 2F1C462D8C49FC798F4658E1; productType = "com.apple.product-type.library.static"; };
		17B1BA56C172D09A24ABDACF = {isa = PBXProject; buildConfigurationList = 1273E3F65BCAFF2BE961D721; attributes = { LastUpgradeCheck = 0830; ORGANIZATIONNAME = ""; TargetAttributes = { B703A4A5D63AFF61A38718E8 = { SystemCapabilities = {com.apple.ApplicationGroups.iOS = { enabled = 0; }; com.apple.InAppPurchase = { enabled = 0; }; com.apple.InterAppAudio = { enabled = 0; }; com.apple.Push = { enabled = 0; }; com.apple.Sandbox = { enabled = 0; }; }; };B3C5601179B33AB1E4F7503D = { SystemCapabilities = {com.apple.ApplicationGroups.iOS = { enabled = 0; }; com.apple.InAppPurchase = { enabled = 0; }; com.apple.InterAppAudio = { enabled = 0; }; com.apple.Push = { enabled = 0; }; com.apple.Sandbox = { enabled = 0; }; }; };03236426AAEAE80B279796C0 = { SystemCapabilities = {com.apple.ApplicationGroups.iOS = { enabled = 0; }; com.apple.InAppPurchase = { enabled = 0; }; com.apple.InterAppAudio = { enabled = 0; }; com.apple.Push = { enabled = 0; }; com.apple.Sandbox = { enabled = 0; }; }; };00C6C2563DB44D196E434ED5 = { SystemCapabilities = {com.apple.ApplicationGroups.iOS = { enabled = 0; }; com.apple.InAppPurchase = { enabled = 0; }; com.apple.InterAppAudio = { enabled = 0; }; com.apple.Push = { enabled = 0; }; com.apple.Sandbox = { enabled = 0; }; }; };F20CF8D3278588AFBAF7708D = { SystemCapabilities = {com.apple.ApplicationGroups.iOS = { enabled = 0; }; com.apple.InAppPurchase = { enabled = 0; }; com.apple.InterAppAudio = { enabled = 0; }; com.apple.Push = { enabled = 0; }; com.apple.Sandbox = { enabled = 0; }; }; }; }; }; compatibilityVersion = "Xcode 3.2"; hasScannedForEncodings = 0; mainGroup = B9C5B388AAA590C5092CDD9B; projectDirPath = ""; projectRoot = ""; targets = (B703A4A5D63AFF61A38718E8, B3C5601179B33AB1E4F7503D, 03236426AAEAE80B279796C0, 00C6C2563DB44D196E434ED5, F20CF8D3278588AFBAF7708D); };
	};
	rootObject = 17B1BA56C172D09A24ABDACF;
}
